
Microsoft Visual Studio Solution File, Format Version 12.00
# Visual Studio Version 17
VisualStudioVersion = 17.0.32014.148
MinimumVisualStudioVersion = 10.0.40219.1
Project("{FAE04EC0-301F-11D3-BF4B-00C04F79EFBC}") = "RecursiveNuGetSecurityChecker", "RecursiveNuGetSecurityChecker\RecursiveNuGetSecurityChecker.csproj", "{396F7037-75DA-4EAE-BBCD-5B103A453127}"
EndProject
Global
	GlobalSection(SolutionConfigurationPlatforms) = preSolution
		Debug|Any CPU = Debug|Any CPU
		Release|Any CPU = Release|Any CPU
	EndGlobalSection
	GlobalSection(ProjectConfigurationPlatforms) = postSolution
		{396F7037-75DA-4EAE-BBCD-5B103A453127}.Debug|Any CPU.ActiveCfg = Debug|Any CPU
		{396F7037-75DA-4EAE-BBCD-5B103A453127}.Debug|Any CPU.Build.0 = Debug|Any CPU
		{396F7037-75DA-4EAE-BBCD-5B103A453127}.Release|Any CPU.ActiveCfg = Release|Any CPU
		{396F7037-75DA-4EAE-BBCD-5B103A453127}.Release|Any CPU.Build.0 = Release|Any CPU
	EndGlobalSection
	GlobalSection(SolutionProperties) = preSolution
		HideSolutionNode = FALSE
	EndGlobalSection
	GlobalSection(ExtensibilityGlobals) = postSolution
		SolutionGuid = {4F1F4CD6-C841-405F-8254-DF18600FC34D}
	EndGlobalSection
EndGlobal
